
Microsoft Visual Studio Solution File, Format Version 12.00
# Visual Studio Version 17
VisualStudioVersion = 17.14.36705.20
MinimumVisualStudioVersion = 10.0.40219.1
Project("{FAE04EC0-301F-11D3-BF4B-00C04F79EFBC}") = "MyRest.Domain", "MyRest.Domain\MyRest.Domain.csproj", "{1C37A3A1-BBEA-4CEC-88BE-C817979DEFBB}"
EndProject
Project("{FAE04EC0-301F-11D3-BF4B-00C04F79EFBC}") = "MyRest.Console", "MyRest.Console\MyRest.Console.csproj", "{EFEB5E49-B1F1-4F1D-86EF-B017DF38D36B}"
EndProject
Global
	GlobalSection(SolutionConfigurationPlatforms) = preSolution
		Debug|Any CPU = Debug|Any CPU
		Release|Any CPU = Release|Any CPU
	EndGlobalSection
	GlobalSection(ProjectConfigurationPlatforms) = postSolution
		{1C37A3A1-BBEA-4CEC-88BE-C817979DEFBB}.Debug|Any CPU.ActiveCfg = Debug|Any CPU
		{1C37A3A1-BBEA-4CEC-88BE-C817979DEFBB}.Debug|Any CPU.Build.0 = Debug|Any CPU
		{1C37A3A1-BBEA-4CEC-88BE-C817979DEFBB}.Release|Any CPU.ActiveCfg = Release|Any CPU
		{1C37A3A1-BBEA-4CEC-88BE-C817979DEFBB}.Release|Any CPU.Build.0 = Release|Any CPU
		{EFEB5E49-B1F1-4F1D-86EF-B017DF38D36B}.Debug|Any CPU.ActiveCfg = Debug|Any CPU
		{EFEB5E49-B1F1-4F1D-86EF-B017DF38D36B}.Debug|Any CPU.Build.0 = Debug|Any CPU
		{EFEB5E49-B1F1-4F1D-86EF-B017DF38D36B}.Release|Any CPU.ActiveCfg = Release|Any CPU
		{EFEB5E49-B1F1-4F1D-86EF-B017DF38D36B}.Release|Any CPU.Build.0 = Release|Any CPU
	EndGlobalSection
	GlobalSection(SolutionProperties) = preSolution
		HideSolutionNode = FALSE
	EndGlobalSection
	GlobalSection(ExtensibilityGlobals) = postSolution
		SolutionGuid = {FCBF4361-4DCB-4F00-A0C7-43E0467102E3}
	EndGlobalSection
EndGlobal
